
Microsoft Visual Studio Solution File, Format Version 12.00
# Visual Studio Version 16
VisualStudioVersion = 16.0.31424.327
MinimumVisualStudioVersion = 10.0.40219.1
Project("{FAE04EC0-301F-11D3-BF4B-00C04F79EFBC}") = "FizzBuzz(MVC)", "FizzBuzz(MVC)\FizzBuzz(MVC).csproj", "{C9D7C8A1-A756-4CA9-A5E1-27AD1CC1B00A}"
EndProject
Global
	GlobalSection(SolutionConfigurationPlatforms) = preSolution
		Debug|Any CPU = Debug|Any CPU
		Release|Any CPU = Release|Any CPU
	EndGlobalSection
	GlobalSection(ProjectConfigurationPlatforms) = postSolution
		{C9D7C8A1-A756-4CA9-A5E1-27AD1CC1B00A}.Debug|Any CPU.ActiveCfg = Debug|Any CPU
		{C9D7C8A1-A756-4CA9-A5E1-27AD1CC1B00A}.Debug|Any CPU.Build.0 = Debug|Any CPU
		{C9D7C8A1-A756-4CA9-A5E1-27AD1CC1B00A}.Release|Any CPU.ActiveCfg = Release|Any CPU
		{C9D7C8A1-A756-4CA9-A5E1-27AD1CC1B00A}.Release|Any CPU.Build.0 = Release|Any CPU
	EndGlobalSection
	GlobalSection(SolutionProperties) = preSolution
		HideSolutionNode = FALSE
	EndGlobalSection
	GlobalSection(ExtensibilityGlobals) = postSolution
		SolutionGuid = {CAEDECEB-05A8-4F09-95FA-3625041D7924}
	EndGlobalSection
EndGlobal
